lockfileVersion: 5.3

specifiers:
  '@microsoft/api-extractor': ^7.19.4
  '@types/estree': ^0.0.50
  '@types/node': ^17.0.10
  '@ydcjeff/prettier-config': ^0.1.0
  marked: ^4.0.10
  prettier: ^2.5.1
  typescript: ^4.5.5
  unocss: ^0.22.5
  uvu: ^0.5.3
  vite: ^2.7.13

devDependencies:
  '@microsoft/api-extractor': 7.19.4
  '@types/estree': 0.0.50
  '@types/node': 17.0.10
  '@ydcjeff/prettier-config': 0.1.0
  marked: 4.0.10
  prettier: 2.5.1
  typescript: 4.5.5
  unocss: 0.22.5
  uvu: 0.5.3
  vite: 2.7.13

packages:
  /@antfu/install-pkg/0.1.0:
    resolution:
      {
        integrity: sha512-VaIJd3d1o7irZfK1U0nvBsHMyjkuyMP3HKYVV53z8DKyulkHKmjhhtccXO51WSPeeSHIeoJEoNOKavYpS7jkZw==,
      }
    dependencies:
      execa: 5.1.1
      find-up: 5.0.0
    dev: true

  /@antfu/utils/0.3.0:
    resolution:
      {
        integrity: sha512-UU8TLr/EoXdg7OjMp0h9oDoIAVr+Z/oW9cpOxQQyrsz6Qzd2ms/1CdWx8fl2OQdFpxGmq5Vc4TwfLHId6nAZjA==,
      }
    dependencies:
      '@types/throttle-debounce': 2.1.0
    dev: true

  /@iconify/types/1.0.12:
    resolution:
      {
        integrity: sha512-6er6wSGF3hgc1JEZqiGpg21CTCjHBYOUwqLmb2Idzkjiw6ogalGP0ZMLVutCzah+0WB4yP+Zd2oVPN8jvJ+Ftg==,
      }
    dev: true

  /@iconify/utils/1.0.21:
    resolution:
      {
        integrity: sha512-Rf8vfOH7MI30xyc9rbLFdxnfsfdcrIiIxsoZyEWkUK8P65QsS9PrQXunOc9Wt7uZfJTiX25WMED3WqLKXrRx1Q==,
      }
    dependencies:
      '@antfu/install-pkg': 0.1.0
      '@antfu/utils': 0.3.0
      '@iconify/types': 1.0.12
      debug: 4.3.3
      kolorist: 1.5.1
      local-pkg: 0.4.1
    transitivePeerDependencies:
      - supports-color
    dev: true

  /@microsoft/api-extractor-model/7.15.3:
    resolution:
      {
        integrity: sha512-NkSjolmSI7NGvbdz0Y7kjQfdpD+j9E5CwXTxEyjDqxd10MI7GXV8DnAsQ57GFJcgHKgTjf2aUnYfMJ9w3aMicw==,
      }
    dependencies:
      '@microsoft/tsdoc': 0.13.2
      '@microsoft/tsdoc-config': 0.15.2
      '@rushstack/node-core-library': 3.45.0
    dev: true

  /@microsoft/api-extractor/7.19.4:
    resolution:
      {
        integrity: sha512-iehC6YA3DGJvxTUaK7HUtQmP6hAQU07+Q/OR8TG4dVR6KpqCi9UPEVk8AgCvQkiK+6FbVEFQTx0qLuYk4EeuHg==,
      }
    hasBin: true
    dependencies:
      '@microsoft/api-extractor-model': 7.15.3
      '@microsoft/tsdoc': 0.13.2
      '@microsoft/tsdoc-config': 0.15.2
      '@rushstack/node-core-library': 3.45.0
      '@rushstack/rig-package': 0.3.7
      '@rushstack/ts-command-line': 4.10.6
      colors: 1.2.5
      lodash: 4.17.21
      resolve: 1.17.0
      semver: 7.3.5
      source-map: 0.6.1
      typescript: 4.5.5
    dev: true

  /@microsoft/tsdoc-config/0.15.2:
    resolution:
      {
        integrity: sha512-mK19b2wJHSdNf8znXSMYVShAHktVr/ib0Ck2FA3lsVBSEhSI/TfXT7DJQkAYgcztTuwazGcg58ZjYdk0hTCVrA==,
      }
    dependencies:
      '@microsoft/tsdoc': 0.13.2
      ajv: 6.12.6
      jju: 1.4.0
      resolve: 1.19.0
    dev: true

  /@microsoft/tsdoc/0.13.2:
    resolution:
      {
        integrity: sha512-WrHvO8PDL8wd8T2+zBGKrMwVL5IyzR3ryWUsl0PXgEV0QHup4mTLi0QcATefGI6Gx9Anu7vthPyyyLpY0EpiQg==,
      }
    dev: true

  /@nodelib/fs.scandir/2.1.5:
    resolution:
      {
        integrity: sha512-vq24Bq3ym5HEQm2NKCr3yXDwjc7vTsEThRDnkp2DK9p1uqLR+DHurm/NOTo0KG7HYHU7eppKZj3MyqYuMBf62g==,
      }
    engines: { node: '>= 8' }
    dependencies:
      '@nodelib/fs.stat': 2.0.5
      run-parallel: 1.2.0
    dev: true

  /@nodelib/fs.stat/2.0.5:
    resolution:
      {
        integrity: sha512-RkhPPp2zrqDAQA/2jNhnztcPAlv64XdhIp7a7454A5ovI7Bukxgt7MX7udwAu3zg1DcpPU0rz3VV1SeaqvY4+A==,
      }
    engines: { node: '>= 8' }
    dev: true

  /@nodelib/fs.walk/1.2.8:
    resolution:
      {
        integrity: sha512-oGB+UxlgWcgQkgwo8GcEGwemoTFt3FIO9ababBmaGwXIoBKZ+GTy0pP185beGg7Llih/NSHSV2XAs1lnznocSg==,
      }
    engines: { node: '>= 8' }
    dependencies:
      '@nodelib/fs.scandir': 2.1.5
      fastq: 1.13.0
    dev: true

  /@polka/url/1.0.0-next.21:
    resolution:
      {
        integrity: sha512-a5Sab1C4/icpTZVzZc5Ghpz88yQtGOyNqYXcZgOssB2uuAr+wF/MvN6bgtW32q7HHrvBki+BsZ0OuNv6EV3K9g==,
      }
    dev: true

  /@rollup/pluginutils/4.1.2:
    resolution:
      {
        integrity: sha512-ROn4qvkxP9SyPeHaf7uQC/GPFY6L/OWy9+bd9AwcjOAWQwxRscoEyAUD8qCY5o5iL4jqQwoLk2kaTKJPb/HwzQ==,
      }
    engines: { node: '>= 8.0.0' }
    dependencies:
      estree-walker: 2.0.2
      picomatch: 2.3.1
    dev: true

  /@rushstack/node-core-library/3.45.0:
    resolution:
      {
        integrity: sha512-YMuIJl19vQT1+g/OU9mLY6T5ZBT9uDlmeXExDQACpGuxTJW+LHNbk/lRX+eCApQI2eLBlaL4U68r3kZlqwbdmw==,
      }
    dependencies:
      '@types/node': 12.20.24
      colors: 1.2.5
      fs-extra: 7.0.1
      import-lazy: 4.0.0
      jju: 1.4.0
      resolve: 1.17.0
      semver: 7.3.5
      timsort: 0.3.0
      z-schema: 5.0.2
    dev: true

  /@rushstack/rig-package/0.3.7:
    resolution:
      {
        integrity: sha512-pzMsTSeTC8IiZ6EJLr53gGMvhT4oLWH+hxD7907cHyWuIUlEXFtu/2pK25vUQT13nKp5DJCWxXyYoGRk/h6rtA==,
      }
    dependencies:
      resolve: 1.17.0
      strip-json-comments: 3.1.1
    dev: true

  /@rushstack/ts-command-line/4.10.6:
    resolution:
      {
        integrity: sha512-Y3GkUag39sTIlukDg9mUp8MCHrrlJ27POrBNRQGc/uF+VVgX8M7zMzHch5zP6O1QVquWgD7Engdpn2piPYaS/g==,
      }
    dependencies:
      '@types/argparse': 1.0.38
      argparse: 1.0.10
      colors: 1.2.5
      string-argv: 0.3.1
    dev: true

  /@types/argparse/1.0.38:
    resolution:
      {
        integrity: sha512-ebDJ9b0e702Yr7pWgB0jzm+CX4Srzz8RcXtLJDJB+BSccqMa36uyH/zUsSYao5+BD1ytv3k3rPYCq4mAE1hsXA==,
      }
    dev: true

  /@types/estree/0.0.50:
    resolution:
      {
        integrity: sha512-C6N5s2ZFtuZRj54k2/zyRhNDjJwwcViAM3Nbm8zjBpbqAdZ00mr0CFxvSKeO8Y/e03WVFLpQMdHYVfUd6SB+Hw==,
      }
    dev: true

  /@types/node/12.20.24:
    resolution:
      {
        integrity: sha512-yxDeaQIAJlMav7fH5AQqPH1u8YIuhYJXYBzxaQ4PifsU0GDO38MSdmEDeRlIxrKbC6NbEaaEHDanWb+y30U8SQ==,
      }
    dev: true

  /@types/node/17.0.10:
    resolution:
      {
        integrity: sha512-S/3xB4KzyFxYGCppyDt68yzBU9ysL88lSdIah4D6cptdcltc4NCPCAMc0+PCpg/lLIyC7IPvj2Z52OJWeIUkog==,
      }
    dev: true

  /@types/throttle-debounce/2.1.0:
    resolution:
      {
        integrity: sha512-5eQEtSCoESnh2FsiLTxE121IiE60hnMqcb435fShf4bpLRjEu1Eoekht23y6zXS9Ts3l+Szu3TARnTsA0GkOkQ==,
      }
    dev: true

  /@unocss/cli/0.22.5:
    resolution:
      {
        integrity: sha512-0hToMv1PjhI+9gNgp2M+MosZlPNUTrBXp+bbuAlaLlgKVliMvr8leBsqk3LosFM8DfvAMUre60UJGstpnJEEYw==,
      }
    engines: { node: '>=14' }
    hasBin: true
    dependencies:
      '@unocss/config': 0.22.5
      '@unocss/core': 0.22.5
      '@unocss/preset-uno': 0.22.5
      cac: 6.7.12
      chokidar: 3.5.3
      colorette: 2.0.16
      consola: 2.15.3
      fast-glob: 3.2.11
      pathe: 0.2.0
    dev: true

  /@unocss/config/0.22.5:
    resolution:
      {
        integrity: sha512-qtVAytiv4Sh+Si31PnQlkQl/MSMUK/nF5d0nyjwNkLacIcQs8EcCAvDOhnSKHp3hEzNlq2xst3Q4vgVC34TfjA==,
      }
    engines: { node: '>=14' }
    dependencies:
      '@unocss/core': 0.22.5
      unconfig: 0.2.2
    dev: true

  /@unocss/core/0.22.5:
    resolution:
      {
        integrity: sha512-H12io3S6lY5TtMUZbyi1c1rZCkZDEIJEBLJ0QPBUvATCD4mLlROaFMOk+JHkhmI73vtFz3oZI3A4CVwJfE1bgw==,
      }
    dev: true

  /@unocss/inspector/0.22.5:
    resolution:
      {
        integrity: sha512-wcmL2yrAdl4x5uij19g9pMi6eId2eTwmpHw4mCKwiQiGYkeCGskaN5fawRnWCLTP8D9URpJ/IBTxJcLZBe0QFA==,
      }
    dependencies:
      gzip-size: 6.0.0
      sirv: 2.0.2
    dev: true

  /@unocss/preset-attributify/0.22.5:
    resolution:
      {
        integrity: sha512-ohIXswi7qMqPs0gXykRN8gTReMpUFlpFEkSpRSRZA/RjNK9S/1L3NV0WP4dZSsN/wFn7GSkbD+l1hyispgOt6Q==,
      }
    dependencies:
      '@unocss/core': 0.22.5
    dev: true

  /@unocss/preset-icons/0.22.5:
    resolution:
      {
        integrity: sha512-TaoK85iGcGM9uuKGvyfPxU1SCtrT7+qKDdYnibBkxlUt7tX9ZY2wtnhNhXG/77NP23Y1I+5ur4KbI+QFudiHkA==,
      }
    dependencies:
      '@iconify/utils': 1.0.21
      '@unocss/core': 0.22.5
      local-pkg: 0.4.1
    transitivePeerDependencies:
      - supports-color
    dev: true

  /@unocss/preset-mini/0.22.5:
    resolution:
      {
        integrity: sha512-jSWY2NxJlVNAdLEOXBsT5sbBlGwpq9j4cQvlaBN/X57VI64Kp7ubjF069ALYEQCBVExcxK2WLaGdUlfKUS29GA==,
      }
    dependencies:
      '@unocss/core': 0.22.5
    dev: true

  /@unocss/preset-uno/0.22.5:
    resolution:
      {
        integrity: sha512-3sE7pyPqN3tLc7i1U48xsweSx1dEftOf6jk+3dZ43r85BbdLOjKzjVMyy0Wv9V+r7Bf848DnP3rctJjYEQ7yDQ==,
      }
    dependencies:
      '@unocss/core': 0.22.5
      '@unocss/preset-mini': 0.22.5
      '@unocss/preset-wind': 0.22.5
    dev: true

  /@unocss/preset-web-fonts/0.22.5:
    resolution:
      {
        integrity: sha512-4rR6TlYveDc/4PjolVmK703gsIZ7jW2H7QAtb354h4UdKJc4Acz2nnKvsa2BnrAFFkQTh/u8P6qbOK+X0mUPJg==,
      }
    dependencies:
      '@unocss/core': 0.22.5
      axios: 0.24.0
    transitivePeerDependencies:
      - debug
    dev: true

  /@unocss/preset-wind/0.22.5:
    resolution:
      {
        integrity: sha512-3kopB/niZsgZWHrnaXrqHRv3vS7jrztc1m49mtk9rG3wVswV4tCBpat80mvH+x+9PB3BQOw0BbcEbmPZDaxeag==,
      }
    dependencies:
      '@unocss/core': 0.22.5
      '@unocss/preset-mini': 0.22.5
    dev: true

  /@unocss/reset/0.22.5:
    resolution:
      {
        integrity: sha512-NEuBbkTIBlvWn19Pz/zH8EwmAveH8adOEYDVUiLYRkhTYBxa7X71YDTQWUfK1xCO34QQwreCXRBMIbXeylV3oA==,
      }
    dev: true

  /@unocss/scope/0.22.5:
    resolution:
      {
        integrity: sha512-E6N72cZhj9xKF1aw9PO5iKP4g0z0wvPXQh3ZNwmFZqFl+he4/G+huM4GUSK2BeOATfDPpNofdu1RB6B8QGmVHg==,
      }
    dev: true

  /@unocss/vite/0.22.5:
    resolution:
      {
        integrity: sha512-fd95qnHfDQ+z6aa+2ZdxCQXX1b+OjPSzm/2L38q9FAktYU5Y0paTk92JOVpjD1uoseUHtk7n9sFpY6oMHXZ3KQ==,
      }
    dependencies:
      '@rollup/pluginutils': 4.1.2
      '@unocss/config': 0.22.5
      '@unocss/core': 0.22.5
      '@unocss/inspector': 0.22.5
      '@unocss/scope': 0.22.5
    dev: true

  /@ydcjeff/prettier-config/0.1.0:
    resolution:
      {
        integrity: sha512-p1DZ2E54LD50wnJmrLD5E9WDkQ09TcFF0CdyhZNb1w3sZ7X/s9nJfbaS8UYl7g1WKjJawCn/HHG5CQYDKWKSRg==,
      }
    dev: true

  /ajv/6.12.6:
    resolution:
      {
        integrity: sha512-j3fVLgvTo527anyYyJOGTYJbG+vnnQYvE0m5mmkc1TK+nxAppkCLMIL0aZ4dblVCNoGShhm+kzE4ZUykBoMg4g==,
      }
    dependencies:
      fast-deep-equal: 3.1.3
      fast-json-stable-stringify: 2.1.0
      json-schema-traverse: 0.4.1
      uri-js: 4.4.1
    dev: true

  /anymatch/3.1.2:
    resolution:
      {
        integrity: sha512-P43ePfOAIupkguHUycrc4qJ9kz8ZiuOUijaETwX7THt0Y/GNK7v0aa8rY816xWjZ7rJdA5XdMcpVFTKMq+RvWg==,
      }
    engines: { node: '>= 8' }
    dependencies:
      normalize-path: 3.0.0
      picomatch: 2.3.1
    dev: true

  /argparse/1.0.10:
    resolution:
      {
        integrity: sha512-o5Roy6tNG4SL/FOkCAN6RzjiakZS25RLYFrcMttJqbdd8BWrnA+fGz57iN5Pb06pvBGvl5gQ0B48dJlslXvoTg==,
      }
    dependencies:
      sprintf-js: 1.0.3
    dev: true

  /axios/0.24.0:
    resolution:
      {
        integrity: sha512-Q6cWsys88HoPgAaFAVUb0WpPk0O8iTeisR9IMqy9G8AbO4NlpVknrnQS03zzF9PGAWgO3cgletO3VjV/P7VztA==,
      }
    dependencies:
      follow-redirects: 1.14.7
    transitivePeerDependencies:
      - debug
    dev: true

  /binary-extensions/2.2.0:
    resolution:
      {
        integrity: sha512-jDctJ/IVQbZoJykoeHbhXpOlNBqGNcwXJKJog42E5HDPUwQTSdjCHdihjj0DlnheQ7blbT6dHOafNAiS8ooQKA==,
      }
    engines: { node: '>=8' }
    dev: true

  /braces/3.0.2:
    resolution:
      {
        integrity: sha512-b8um+L1RzM3WDSzvhm6gIz1yfTbBt6YTlcEKAvsmqCZZFw46z626lVj9j1yEPW33H5H+lBQpZMP1k8l+78Ha0A==,
      }
    engines: { node: '>=8' }
    dependencies:
      fill-range: 7.0.1
    dev: true

  /cac/6.7.12:
    resolution:
      {
        integrity: sha512-rM7E2ygtMkJqD9c7WnFU6fruFcN3xe4FM5yUmgxhZzIKJk4uHl9U/fhwdajGFQbQuv43FAUo1Fe8gX/oIKDeSA==,
      }
    engines: { node: '>=8' }
    dev: true

  /chokidar/3.5.3:
    resolution:
      {
        integrity: sha512-Dr3sfKRP6oTcjf2JmUmFJfeVMvXBdegxB0iVQ5eb2V10uFJUCAS8OByZdVAyVb8xXNz3GjjTgj9kLWsZTqE6kw==,
      }
    engines: { node: '>= 8.10.0' }
    dependencies:
      anymatch: 3.1.2
      braces: 3.0.2
      glob-parent: 5.1.2
      is-binary-path: 2.1.0
      is-glob: 4.0.3
      normalize-path: 3.0.0
      readdirp: 3.6.0
    optionalDependencies:
      fsevents: 2.3.2
    dev: true

  /colorette/2.0.16:
    resolution:
      {
        integrity: sha512-hUewv7oMjCp+wkBv5Rm0v87eJhq4woh5rSR+42YSQJKecCqgIqNkZ6lAlQms/BwHPJA5NKMRlpxPRv0n8HQW6g==,
      }
    dev: true

  /colors/1.2.5:
    resolution:
      {
        integrity: sha512-erNRLao/Y3Fv54qUa0LBB+//Uf3YwMUmdJinN20yMXm9zdKKqH9wt7R9IIVZ+K7ShzfpLV/Zg8+VyrBJYB4lpg==,
      }
    engines: { node: '>=0.1.90' }
    dev: true

  /commander/2.20.3:
    resolution:
      {
        integrity: sha512-GpVkmM8vF2vQUkj2LvZmD35JxeJOLCwJ9cUkugyk2nuhbv3+mJvpLYYt+0+USMxE+oj+ey/lJEnhZw75x/OMcQ==,
      }
    requiresBuild: true
    dev: true
    optional: true

  /consola/2.15.3:
    resolution:
      {
        integrity: sha512-9vAdYbHj6x2fLKC4+oPH0kFzY/orMZyG2Aj+kNylHxKGJ/Ed4dpNyAQYwJOdqO4zdM7XpVHmyejQDcQHrnuXbw==,
      }
    dev: true

  /cross-spawn/7.0.3:
    resolution:
      {
        integrity: sha512-iRDPJKUPVEND7dHPO8rkbOnPpyDygcDFtWjpeWNCgy8WP2rXcxXL8TskReQl6OrB2G7+UJrags1q15Fudc7G6w==,
      }
    engines: { node: '>= 8' }
    dependencies:
      path-key: 3.1.1
      shebang-command: 2.0.0
      which: 2.0.2
    dev: true

  /debug/4.3.3:
    resolution:
      {
        integrity: sha512-/zxw5+vh1Tfv+4Qn7a5nsbcJKPaSvCDhojn6FEl9vupwK2VCSDtEiEtqr8DFtzYFOdz63LBkxec7DYuc2jon6Q==,
      }
    engines: { node: '>=6.0' }
    peerDependencies:
      supports-color: '*'
    peerDependenciesMeta:
      supports-color:
        optional: true
    dependencies:
      ms: 2.1.2
    dev: true

  /defu/5.0.1:
    resolution:
      {
        integrity: sha512-EPS1carKg+dkEVy3qNTqIdp2qV7mUP08nIsupfwQpz++slCVRw7qbQyWvSTig+kFPwz2XXp5/kIIkH+CwrJKkQ==,
      }
    dev: true

  /dequal/2.0.2:
    resolution:
      {
        integrity: sha512-q9K8BlJVxK7hQYqa6XISGmBZbtQQWVXSrRrWreHC94rMt1QL/Impruc+7p2CYSYuVIUr+YCt6hjrs1kkdJRTug==,
      }
    engines: { node: '>=6' }
    dev: true

  /diff/5.0.0:
    resolution:
      {
        integrity: sha512-/VTCrvm5Z0JGty/BWHljh+BAiw3IK+2j87NGMu8Nwc/f48WoDAC395uomO9ZD117ZOBaHmkX1oyLvkVM/aIT3w==,
      }
    engines: { node: '>=0.3.1' }
    dev: true

  /duplexer/0.1.2:
    resolution:
      {
        integrity: sha512-jtD6YG370ZCIi/9GTaJKQxWTZD045+4R4hTk/x1UyoqadyJ9x9CgSi1RlVDQF8U2sxLLSnFkCaMihqljHIWgMg==,
      }
    dev: true

  /esbuild-android-arm64/0.13.15:
    resolution:
      {
        integrity: sha512-m602nft/XXeO8YQPUDVoHfjyRVPdPgjyyXOxZ44MK/agewFFkPa8tUo6lAzSWh5Ui5PB4KR9UIFTSBKh/RrCmg==,
      }
    cpu: [arm64]
    os: [android]
    requiresBuild: true
    dev: true
    optional: true

  /esbuild-darwin-64/0.13.15:
    resolution:
      {
        integrity: sha512-ihOQRGs2yyp7t5bArCwnvn2Atr6X4axqPpEdCFPVp7iUj4cVSdisgvEKdNR7yH3JDjW6aQDw40iQFoTqejqxvQ==,
      }
    cpu: [x64]
    os: [darwin]
    requiresBuild: true
    dev: true
    optional: true

  /esbuild-darwin-arm64/0.13.15:
    resolution:
      {
        integrity: sha512-i1FZssTVxUqNlJ6cBTj5YQj4imWy3m49RZRnHhLpefFIh0To05ow9DTrXROTE1urGTQCloFUXTX8QfGJy1P8dQ==,
      }
    cpu: [arm64]
    os: [darwin]
    requiresBuild: true
    dev: true
    optional: true

  /esbuild-freebsd-64/0.13.15:
    resolution:
      {
        integrity: sha512-G3dLBXUI6lC6Z09/x+WtXBXbOYQZ0E8TDBqvn7aMaOCzryJs8LyVXKY4CPnHFXZAbSwkCbqiPuSQ1+HhrNk7EA==,
      }
    cpu: [x64]
    os: [freebsd]
    requiresBuild: true
    dev: true
    optional: true

  /esbuild-freebsd-arm64/0.13.15:
    resolution:
      {
        integrity: sha512-KJx0fzEDf1uhNOZQStV4ujg30WlnwqUASaGSFPhznLM/bbheu9HhqZ6mJJZM32lkyfGJikw0jg7v3S0oAvtvQQ==,
      }
    cpu: [arm64]
    os: [freebsd]
    requiresBuild: true
    dev: true
    optional: true

  /esbuild-linux-32/0.13.15:
    resolution:
      {
        integrity: sha512-ZvTBPk0YWCLMCXiFmD5EUtB30zIPvC5Itxz0mdTu/xZBbbHJftQgLWY49wEPSn2T/TxahYCRDWun5smRa0Tu+g==,
      }
    cpu: [ia32]
    os: [linux]
    requiresBuild: true
    dev: true
    optional: true

  /esbuild-linux-64/0.13.15:
    resolution:
      {
        integrity: sha512-eCKzkNSLywNeQTRBxJRQ0jxRCl2YWdMB3+PkWFo2BBQYC5mISLIVIjThNtn6HUNqua1pnvgP5xX0nHbZbPj5oA==,
      }
    cpu: [x64]
    os: [linux]
    requiresBuild: true
    dev: true
    optional: true

  /esbuild-linux-arm/0.13.15:
    resolution:
      {
        integrity: sha512-wUHttDi/ol0tD8ZgUMDH8Ef7IbDX+/UsWJOXaAyTdkT7Yy9ZBqPg8bgB/Dn3CZ9SBpNieozrPRHm0BGww7W/jA==,
      }
    cpu: [arm]
    os: [linux]
    requiresBuild: true
    dev: true
    optional: true

  /esbuild-linux-arm64/0.13.15:
    resolution:
      {
        integrity: sha512-bYpuUlN6qYU9slzr/ltyLTR9YTBS7qUDymO8SV7kjeNext61OdmqFAzuVZom+OLW1HPHseBfJ/JfdSlx8oTUoA==,
      }
    cpu: [arm64]
    os: [linux]
    requiresBuild: true
    dev: true
    optional: true

  /esbuild-linux-mips64le/0.13.15:
    resolution:
      {
        integrity: sha512-KlVjIG828uFPyJkO/8gKwy9RbXhCEUeFsCGOJBepUlpa7G8/SeZgncUEz/tOOUJTcWMTmFMtdd3GElGyAtbSWg==,
      }
    cpu: [mips64el]
    os: [linux]
    requiresBuild: true
    dev: true
    optional: true

  /esbuild-linux-ppc64le/0.13.15:
    resolution:
      {
        integrity: sha512-h6gYF+OsaqEuBjeesTBtUPw0bmiDu7eAeuc2OEH9S6mV9/jPhPdhOWzdeshb0BskRZxPhxPOjqZ+/OqLcxQwEQ==,
      }
    cpu: [ppc64]
    os: [linux]
    requiresBuild: true
    dev: true
    optional: true

  /esbuild-netbsd-64/0.13.15:
    resolution:
      {
        integrity: sha512-3+yE9emwoevLMyvu+iR3rsa+Xwhie7ZEHMGDQ6dkqP/ndFzRHkobHUKTe+NCApSqG5ce2z4rFu+NX/UHnxlh3w==,
      }
    cpu: [x64]
    os: [netbsd]
    requiresBuild: true
    dev: true
    optional: true

  /esbuild-openbsd-64/0.13.15:
    resolution:
      {
        integrity: sha512-wTfvtwYJYAFL1fSs8yHIdf5GEE4NkbtbXtjLWjM3Cw8mmQKqsg8kTiqJ9NJQe5NX/5Qlo7Xd9r1yKMMkHllp5g==,
      }
    cpu: [x64]
    os: [openbsd]
    requiresBuild: true
    dev: true
    optional: true

  /esbuild-sunos-64/0.13.15:
    resolution:
      {
        integrity: sha512-lbivT9Bx3t1iWWrSnGyBP9ODriEvWDRiweAs69vI+miJoeKwHWOComSRukttbuzjZ8r1q0mQJ8Z7yUsDJ3hKdw==,
      }
    cpu: [x64]
    os: [sunos]
    requiresBuild: true
    dev: true
    optional: true

  /esbuild-windows-32/0.13.15:
    resolution:
      {
        integrity: sha512-fDMEf2g3SsJ599MBr50cY5ve5lP1wyVwTe6aLJsM01KtxyKkB4UT+fc5MXQFn3RLrAIAZOG+tHC+yXObpSn7Nw==,
      }
    cpu: [ia32]
    os: [win32]
    requiresBuild: true
    dev: true
    optional: true

  /esbuild-windows-64/0.13.15:
    resolution:
      {
        integrity: sha512-9aMsPRGDWCd3bGjUIKG/ZOJPKsiztlxl/Q3C1XDswO6eNX/Jtwu4M+jb6YDH9hRSUflQWX0XKAfWzgy5Wk54JQ==,
      }
    cpu: [x64]
    os: [win32]
    requiresBuild: true
    dev: true
    optional: true

  /esbuild-windows-arm64/0.13.15:
    resolution:
      {
        integrity: sha512-zzvyCVVpbwQQATaf3IG8mu1IwGEiDxKkYUdA4FpoCHi1KtPa13jeScYDjlW0Qh+ebWzpKfR2ZwvqAQkSWNcKjA==,
      }
    cpu: [arm64]
    os: [win32]
    requiresBuild: true
    dev: true
    optional: true

  /esbuild/0.13.15:
    resolution:
      {
        integrity: sha512-raCxt02HBKv8RJxE8vkTSCXGIyKHdEdGfUmiYb8wnabnaEmHzyW7DCHb5tEN0xU8ryqg5xw54mcwnYkC4x3AIw==,
      }
    hasBin: true
    requiresBuild: true
    optionalDependencies:
      esbuild-android-arm64: 0.13.15
      esbuild-darwin-64: 0.13.15
      esbuild-darwin-arm64: 0.13.15
      esbuild-freebsd-64: 0.13.15
      esbuild-freebsd-arm64: 0.13.15
      esbuild-linux-32: 0.13.15
      esbuild-linux-64: 0.13.15
      esbuild-linux-arm: 0.13.15
      esbuild-linux-arm64: 0.13.15
      esbuild-linux-mips64le: 0.13.15
      esbuild-linux-ppc64le: 0.13.15
      esbuild-netbsd-64: 0.13.15
      esbuild-openbsd-64: 0.13.15
      esbuild-sunos-64: 0.13.15
      esbuild-windows-32: 0.13.15
      esbuild-windows-64: 0.13.15
      esbuild-windows-arm64: 0.13.15
    dev: true

  /estree-walker/2.0.2:
    resolution:
      {
        integrity: sha512-Rfkk/Mp/DL7JVje3u18FxFujQlTNR2q6QfMSMB7AvCBx91NGj/ba3kCfza0f6dVDbw7YlRf/nDrn7pQrCCyQ/w==,
      }
    dev: true

  /execa/5.1.1:
    resolution:
      {
        integrity: sha512-8uSpZZocAZRBAPIEINJj3Lo9HyGitllczc27Eh5YYojjMFMn8yHMDMaUHE2Jqfq05D/wucwI4JGURyXt1vchyg==,
      }
    engines: { node: '>=10' }
    dependencies:
      cross-spawn: 7.0.3
      get-stream: 6.0.1
      human-signals: 2.1.0
      is-stream: 2.0.1
      merge-stream: 2.0.0
      npm-run-path: 4.0.1
      onetime: 5.1.2
      signal-exit: 3.0.6
      strip-final-newline: 2.0.0
    dev: true

  /fast-deep-equal/3.1.3:
    resolution:
      {
        integrity: sha512-f3qQ9oQy9j2AhBe/H9VC91wLmKBCCU/gDOnKNAYG5hswO7BLKj09Hc5HYNz9cGI++xlpDCIgDaitVs03ATR84Q==,
      }
    dev: true

  /fast-glob/3.2.11:
    resolution:
      {
        integrity: sha512-xrO3+1bxSo3ZVHAnqzyuewYT6aMFHRAd4Kcs92MAonjwQZLsK9d0SF1IyQ3k5PoirxTW0Oe/RqFgMQ6TcNE5Ew==,
      }
    engines: { node: '>=8.6.0' }
    dependencies:
      '@nodelib/fs.stat': 2.0.5
      '@nodelib/fs.walk': 1.2.8
      glob-parent: 5.1.2
      merge2: 1.4.1
      micromatch: 4.0.4
    dev: true

  /fast-json-stable-stringify/2.1.0:
    resolution:
      {
        integrity: sha512-lhd/wF+Lk98HZoTCtlVraHtfh5XYijIjalXck7saUtuanSDyLMxnHhSXEDJqHxD7msR8D0uCmqlkwjCV8xvwHw==,
      }
    dev: true

  /fastq/1.13.0:
    resolution:
      {
        integrity: sha512-YpkpUnK8od0o1hmeSc7UUs/eB/vIPWJYjKck2QKIzAf71Vm1AAQ3EbuZB3g2JIy+pg+ERD0vqI79KyZiB2e2Nw==,
      }
    dependencies:
      reusify: 1.0.4
    dev: true

  /fill-range/7.0.1:
    resolution:
      {
        integrity: sha512-qOo9F+dMUmC2Lcb4BbVvnKJxTPjCm+RRpe4gDuGrzkL7mEVl/djYSu2OdQ2Pa302N4oqkSg9ir6jaLWJ2USVpQ==,
      }
    engines: { node: '>=8' }
    dependencies:
      to-regex-range: 5.0.1
    dev: true

  /find-up/5.0.0:
    resolution:
      {
        integrity: sha512-78/PXT1wlLLDgTzDs7sjq9hzz0vXD+zn+7wypEe4fXQxCmdmqfGsEPQxmiCSQI3ajFV91bVSsvNtrJRiW6nGng==,
      }
    engines: { node: '>=10' }
    dependencies:
      locate-path: 6.0.0
      path-exists: 4.0.0
    dev: true

  /follow-redirects/1.14.7:
    resolution:
      {
        integrity: sha512-+hbxoLbFMbRKDwohX8GkTataGqO6Jb7jGwpAlwgy2bIz25XtRm7KEzJM76R1WiNT5SwZkX4Y75SwBolkpmE7iQ==,
      }
    engines: { node: '>=4.0' }
    peerDependencies:
      debug: '*'
    peerDependenciesMeta:
      debug:
        optional: true
    dev: true

  /fs-extra/7.0.1:
    resolution:
      {
        integrity: sha512-YJDaCJZEnBmcbw13fvdAM9AwNOJwOzrE4pqMqBq5nFiEqXUqHwlK4B+3pUw6JNvfSPtX05xFHtYy/1ni01eGCw==,
      }
    engines: { node: '>=6 <7 || >=8' }
    dependencies:
      graceful-fs: 4.2.9
      jsonfile: 4.0.0
      universalify: 0.1.2
    dev: true

  /fsevents/2.3.2:
    resolution:
      {
        integrity: sha512-xiqMQR4xAeHTuB9uWm+fFRcIOgKBMiOBP+eXiyT7jsgVCq1bkVygt00oASowB7EdtpOHaaPgKt812P9ab+DDKA==,
      }
    engines: { node: ^8.16.0 || ^10.6.0 || >=11.0.0 }
    os: [darwin]
    requiresBuild: true
    dev: true
    optional: true

  /function-bind/1.1.1:
    resolution:
      {
        integrity: sha512-yIovAzMX49sF8Yl58fSCWJ5svSLuaibPxXQJFLmBObTuCr0Mf1KiPopGM9NiFjiYBCbfaa2Fh6breQ6ANVTI0A==,
      }
    dev: true

  /get-stream/6.0.1:
    resolution:
      {
        integrity: sha512-ts6Wi+2j3jQjqi70w5AlN8DFnkSwC+MqmxEzdEALB2qXZYV3X/b1CTfgPLGJNMeAWxdPfU8FO1ms3NUfaHCPYg==,
      }
    engines: { node: '>=10' }
    dev: true

  /glob-parent/5.1.2:
    resolution:
      {
        integrity: sha512-AOIgSQCepiJYwP3ARnGx+5VnTu2HBYdzbGP45eLw1vr3zB3vZLeyed1sC9hnbcOc9/SrMyM5RPQrkGz4aS9Zow==,
      }
    engines: { node: '>= 6' }
    dependencies:
      is-glob: 4.0.3
    dev: true

  /graceful-fs/4.2.9:
    resolution:
      {
        integrity: sha512-NtNxqUcXgpW2iMrfqSfR73Glt39K+BLwWsPs94yR63v45T0Wbej7eRmL5cWfwEgqXnmjQp3zaJTshdRW/qC2ZQ==,
      }
    dev: true

  /gzip-size/6.0.0:
    resolution:
      {
        integrity: sha512-ax7ZYomf6jqPTQ4+XCpUGyXKHk5WweS+e05MBO4/y3WJ5RkmPXNKvX+bx1behVILVwr6JSQvZAku021CHPXG3Q==,
      }
    engines: { node: '>=10' }
    dependencies:
      duplexer: 0.1.2
    dev: true

  /has/1.0.3:
    resolution:
      {
        integrity: sha512-f2dvO0VU6Oej7RkWJGrehjbzMAjFp5/VKPp5tTpWIV4JHHZK1/BxbFRtf/siA2SWTe09caDmVtYYzWEIbBS4zw==,
      }
    engines: { node: '>= 0.4.0' }
    dependencies:
      function-bind: 1.1.1
    dev: true

  /human-signals/2.1.0:
    resolution:
      {
        integrity: sha512-B4FFZ6q/T2jhhksgkbEW3HBvWIfDW85snkQgawt07S7J5QXTk6BkNV+0yAeZrM5QpMAdYlocGoljn0sJ/WQkFw==,
      }
    engines: { node: '>=10.17.0' }
    dev: true

  /import-lazy/4.0.0:
    resolution:
      {
        integrity: sha512-rKtvo6a868b5Hu3heneU+L4yEQ4jYKLtjpnPeUdK7h0yzXGmyBTypknlkCvHFBqfX9YlorEiMM6Dnq/5atfHkw==,
      }
    engines: { node: '>=8' }
    dev: true

  /is-binary-path/2.1.0:
    resolution:
      {
        integrity: sha512-ZMERYes6pDydyuGidse7OsHxtbI7WVeUEozgR/g7rd0xUimYNlvZRE/K2MgZTjWy725IfelLeVcEM97mmtRGXw==,
      }
    engines: { node: '>=8' }
    dependencies:
      binary-extensions: 2.2.0
    dev: true

  /is-core-module/2.8.1:
    resolution:
      {
        integrity: sha512-SdNCUs284hr40hFTFP6l0IfZ/RSrMXF3qgoRHd3/79unUTvrFO/JoXwkGm+5J/Oe3E/b5GsnG330uUNgRpu1PA==,
      }
    dependencies:
      has: 1.0.3
    dev: true

  /is-extglob/2.1.1:
    resolution: { integrity: sha1-qIwCU1eR8C7TfHahueqXc8gz+MI= }
    engines: { node: '>=0.10.0' }
    dev: true

  /is-glob/4.0.3:
    resolution:
      {
        integrity: sha512-xelSayHH36ZgE7ZWhli7pW34hNbNl8Ojv5KVmkJD4hBdD3th8Tfk9vYasLM+mXWOZhFkgZfxhLSnrwRr4elSSg==,
      }
    engines: { node: '>=0.10.0' }
    dependencies:
      is-extglob: 2.1.1
    dev: true

  /is-number/7.0.0:
    resolution:
      {
        integrity: sha512-41Cifkg6e8TylSpdtTpeLVMqvSBEVzTttHvERD741+pnZ8ANv0004MRL43QKPDlK9cGvNp6NZWZUBlbGXYxxng==,
      }
    engines: { node: '>=0.12.0' }
    dev: true

  /is-stream/2.0.1:
    resolution:
      {
        integrity: sha512-hFoiJiTl63nn+kstHGBtewWSKnQLpyb155KHheA1l39uvtO9nWIop1p3udqPcUd/xbF1VLMO4n7OI6p7RbngDg==,
      }
    engines: { node: '>=8' }
    dev: true

  /isexe/2.0.0:
    resolution: { integrity: sha1-6PvzdNxVb/iUehDcsFctYz8s+hA= }
    dev: true

  /jiti/1.12.9:
    resolution:
      {
        integrity: sha512-TdcJywkQtcwLxogc4rSMAi479G2eDPzfW0fLySks7TPhgZZ4s/tM6stnzayIh3gS/db3zExWJyUx4cNWrwAmoQ==,
      }
    hasBin: true
    dev: true

  /jju/1.4.0:
    resolution: { integrity: sha1-o6vicYryQaKykE+EpiWXDzia4yo= }
    dev: true

  /json-schema-traverse/0.4.1:
    resolution:
      {
        integrity: sha512-xbbCH5dCYU5T8LcEhhuh7HJ88HXuW3qsI3Y0zOZFKfZEHcpWiHU/Jxzk629Brsab/mMiHQti9wMP+845RPe3Vg==,
      }
    dev: true

  /jsonfile/4.0.0:
    resolution: { integrity: sha1-h3Gq4HmbZAdrdmQPygWPnBDjPss= }
    optionalDependencies:
      graceful-fs: 4.2.9
    dev: true

  /kleur/4.1.4:
    resolution:
      {
        integrity: sha512-8QADVssbrFjivHWQU7KkMgptGTl6WAcSdlbBPY4uNF+mWr6DGcKrvY2w4FQJoXch7+fKMjj0dRrL75vk3k23OA==,
      }
    engines: { node: '>=6' }
    dev: true

  /kolorist/1.5.1:
    resolution:
      {
        integrity: sha512-lxpCM3HTvquGxKGzHeknB/sUjuVoUElLlfYnXZT73K8geR9jQbroGlSCFBax9/0mpGoD3kzcMLnOlGQPJJNyqQ==,
      }
    dev: true

  /local-pkg/0.4.1:
    resolution:
      {
        integrity: sha512-lL87ytIGP2FU5PWwNDo0w3WhIo2gopIAxPg9RxDYF7m4rr5ahuZxP22xnJHIvaLTe4Z9P6uKKY2UHiwyB4pcrw==,
      }
    engines: { node: '>=14' }
    dev: true

  /locate-path/6.0.0:
    resolution:
      {
        integrity: sha512-iPZK6eYjbxRu3uB4/WZ3EsEIMJFMqAoopl3R+zuq0UjcAm/MO6KCweDgPfP3elTztoKP3KtnVHxTn2NHBSDVUw==,
      }
    engines: { node: '>=10' }
    dependencies:
      p-locate: 5.0.0
    dev: true

  /lodash.get/4.4.2:
    resolution: { integrity: sha1-LRd/ZS+jHpObRDjVNBSZ36OCXpk= }
    dev: true

  /lodash.isequal/4.5.0:
    resolution: { integrity: sha1-QVxEePK8wwEgwizhDtMib30+GOA= }
    dev: true

  /lodash/4.17.21:
    resolution:
      {
        integrity: sha512-v2kDEe57lecTulaDIuNTPy3Ry4gLGJ6Z1O3vE1krgXZNrsQ+LFTGHVxVjcXPs17LhbZVGedAJv8XZ1tvj5FvSg==,
      }
    dev: true

  /lru-cache/6.0.0:
    resolution:
      {
        integrity: sha512-Jo6dJ04CmSjuznwJSS3pUeWmd/H0ffTlkXXgwZi+eq1UCmqQwCh+eLsYOYCwY991i2Fah4h1BEMCx4qThGbsiA==,
      }
    engines: { node: '>=10' }
    dependencies:
      yallist: 4.0.0
    dev: true

  /marked/4.0.10:
    resolution:
      {
        integrity: sha512-+QvuFj0nGgO970fySghXGmuw+Fd0gD2x3+MqCWLIPf5oxdv1Ka6b2q+z9RP01P/IaKPMEramy+7cNy/Lw8c3hw==,
      }
    engines: { node: '>= 12' }
    hasBin: true
    dev: true

  /merge-stream/2.0.0:
    resolution:
      {
        integrity: sha512-abv/qOcuPfk3URPfDzmZU1LKmuw8kT+0nIHvKrKgFrwifol/doWcdA4ZqsWQ8ENrFKkd67Mfpo/LovbIUsbt3w==,
      }
    dev: true

  /merge2/1.4.1:
    resolution:
      {
        integrity: sha512-8q7VEgMJW4J8tcfVPy8g09NcQwZdbwFEqhe/WZkoIzjn/3TGDwtOCYtXGxA3O8tPzpczCCDgv+P2P5y00ZJOOg==,
      }
    engines: { node: '>= 8' }
    dev: true

  /micromatch/4.0.4:
    resolution:
      {
        integrity: sha512-pRmzw/XUcwXGpD9aI9q/0XOwLNygjETJ8y0ao0wdqprrzDa4YnxLcz7fQRZr8voh8V10kGhABbNcHVk5wHgWwg==,
      }
    engines: { node: '>=8.6' }
    dependencies:
      braces: 3.0.2
      picomatch: 2.3.1
    dev: true

  /mimic-fn/2.1.0:
    resolution:
      {
        integrity: sha512-OqbOk5oEQeAZ8WXWydlu9HJjz9WVdEIvamMCcXmuqUYjTknH/sqsWvhQ3vgwKFRR1HpjvNBKQ37nbJgYzGqGcg==,
      }
    engines: { node: '>=6' }
    dev: true

  /mri/1.2.0:
    resolution:
      {
        integrity: sha512-tzzskb3bG8LvYGFF/mDTpq3jpI6Q9wc3LEmBaghu+DdCssd1FakN7Bc0hVNmEyGq1bq3RgfkCb3cmQLpNPOroA==,
      }
    engines: { node: '>=4' }
    dev: true

  /mrmime/1.0.0:
    resolution:
      {
        integrity: sha512-a70zx7zFfVO7XpnQ2IX1Myh9yY4UYvfld/dikWRnsXxbyvMcfz+u6UfgNAtH+k2QqtJuzVpv6eLTx1G2+WKZbQ==,
      }
    engines: { node: '>=10' }
    dev: true

  /ms/2.1.2:
    resolution:
      {
        integrity: sha512-sGkPx+VjMtmA6MX27oA4FBFELFCZZ4S4XqeGOXCv68tT+jb3vk/RyaKWP0PTKyWtmLSM0b+adUTEvbs1PEaH2w==,
      }
    dev: true

  /nanoid/3.2.0:
    resolution:
      {
        integrity: sha512-fmsZYa9lpn69Ad5eDn7FMcnnSR+8R34W9qJEijxYhTbfOWzr22n1QxCMzXLK+ODyW2973V3Fux959iQoUxzUIA==,
      }
    engines: { node: ^10 || ^12 || ^13.7 || ^14 || >=15.0.1 }
    hasBin: true
    dev: true

  /normalize-path/3.0.0:
    resolution:
      {
        integrity: sha512-6eZs5Ls3WtCisHWp9S2GUy8dqkpGi4BVSz3GaqiE6ezub0512ESztXUwUB6C6IKbQkY2Pnb/mD4WYojCRwcwLA==,
      }
    engines: { node: '>=0.10.0' }
    dev: true

  /npm-run-path/4.0.1:
    resolution:
      {
        integrity: sha512-S48WzZW777zhNIrn7gxOlISNAqi9ZC/uQFnRdbeIHhZhCA6UqpkOT8T1G7BvfdgP4Er8gF4sUbaS0i7QvIfCWw==,
      }
    engines: { node: '>=8' }
    dependencies:
      path-key: 3.1.1
    dev: true

  /onetime/5.1.2:
    resolution:
      {
        integrity: sha512-kbpaSSGJTWdAY5KPVeMOKXSrPtr8C8C7wodJbcsd51jRnmD+GZu8Y0VoU6Dm5Z4vWr0Ig/1NKuWRKf7j5aaYSg==,
      }
    engines: { node: '>=6' }
    dependencies:
      mimic-fn: 2.1.0
    dev: true

  /p-limit/3.1.0:
    resolution:
      {
        integrity: sha512-TYOanM3wGwNGsZN2cVTYPArw454xnXj5qmWF1bEoAc4+cU/ol7GVh7odevjp1FNHduHc3KZMcFduxU5Xc6uJRQ==,
      }
    engines: { node: '>=10' }
    dependencies:
      yocto-queue: 0.1.0
    dev: true

  /p-locate/5.0.0:
    resolution:
      {
        integrity: sha512-LaNjtRWUBY++zB5nE/NwcaoMylSPk+S+ZHNB1TzdbMJMny6dynpAGt7X/tl/QYq3TIeE6nxHppbo2LGymrG5Pw==,
      }
    engines: { node: '>=10' }
    dependencies:
      p-limit: 3.1.0
    dev: true

  /path-exists/4.0.0:
    resolution:
      {
        integrity: sha512-ak9Qy5Q7jYb2Wwcey5Fpvg2KoAc/ZIhLSLOSBmRmygPsGwkVVt0fZa0qrtMz+m6tJTAHfZQ8FnmB4MG4LWy7/w==,
      }
    engines: { node: '>=8' }
    dev: true

  /path-key/3.1.1:
    resolution:
      {
        integrity: sha512-ojmeN0qd+y0jszEtoY48r0Peq5dwMEkIlCOu6Q5f41lfkswXuKtYrhgoTpLnyIcHm24Uhqx+5Tqm2InSwLhE6Q==,
      }
    engines: { node: '>=8' }
    dev: true

  /path-parse/1.0.7:
    resolution:
      {
        integrity: sha512-LDJzPVEEEPR+y48z93A0Ed0yXb8pAByGWo/k5YYdYgpY2/2EsOsksJrq7lOHxryrVOn1ejG6oAp8ahvOIQD8sw==,
      }
    dev: true

  /pathe/0.2.0:
    resolution:
      {
        integrity: sha512-sTitTPYnn23esFR3RlqYBWn4c45WGeLcsKzQiUpXJAyfcWkolvlYpV8FLo7JishK946oQwMFUCHXQ9AjGPKExw==,
      }
    dev: true

  /picocolors/1.0.0:
    resolution:
      {
        integrity: sha512-1fygroTLlHu66zi26VoTDv8yRgm0Fccecssto+MhsZ0D/DGW2sm8E8AjW7NU5VVTRt5GxbeZ5qBuJr+HyLYkjQ==,
      }
    dev: true

  /picomatch/2.3.1:
    resolution:
      {
        integrity: sha512-JU3teHTNjmE2VCGFzuY8EXzCDVwEqB2a8fsIvwaStHhAWJEeVd1o1QD80CU6+ZdEXXSLbSsuLwJjkCBWqRQUVA==,
      }
    engines: { node: '>=8.6' }
    dev: true

  /postcss/8.4.5:
    resolution:
      {
        integrity: sha512-jBDboWM8qpaqwkMwItqTQTiFikhs/67OYVvblFFTM7MrZjt6yMKd6r2kgXizEbTTljacm4NldIlZnhbjr84QYg==,
      }
    engines: { node: ^10 || ^12 || >=14 }
    dependencies:
      nanoid: 3.2.0
      picocolors: 1.0.0
      source-map-js: 1.0.2
    dev: true

  /prettier/2.5.1:
    resolution:
      {
        integrity: sha512-vBZcPRUR5MZJwoyi3ZoyQlc1rXeEck8KgeC9AwwOn+exuxLxq5toTRDTSaVrXHxelDMHy9zlicw8u66yxoSUFg==,
      }
    engines: { node: '>=10.13.0' }
    hasBin: true
    dev: true

  /punycode/2.1.1:
    resolution:
      {
        integrity: sha512-XRsRjdf+j5ml+y/6GKHPZbrF/8p2Yga0JPtdqTIY2Xe5ohJPD9saDJJLPvp9+NSBprVvevdXZybnj2cv8OEd0A==,
      }
    engines: { node: '>=6' }
    dev: true

  /queue-microtask/1.2.3:
    resolution:
      {
        integrity: sha512-NuaNSa6flKT5JaSYQzJok04JzTL1CA6aGhv5rfLW3PgqA+M2ChpZQnAC8h8i4ZFkBS8X5RqkDBHA7r4hej3K9A==,
      }
    dev: true

  /readdirp/3.6.0:
    resolution:
      {
        integrity: sha512-hOS089on8RduqdbhvQ5Z37A0ESjsqz6qnRcffsMU3495FuTdqSm+7bhJ29JvIOsBDEEnan5DPu9t3To9VRlMzA==,
      }
    engines: { node: '>=8.10.0' }
    dependencies:
      picomatch: 2.3.1
    dev: true

  /resolve/1.17.0:
    resolution:
      {
        integrity: sha512-ic+7JYiV8Vi2yzQGFWOkiZD5Z9z7O2Zhm9XMaTxdJExKasieFCr+yXZ/WmXsckHiKl12ar0y6XiXDx3m4RHn1w==,
      }
    dependencies:
      path-parse: 1.0.7
    dev: true

  /resolve/1.19.0:
    resolution:
      {
        integrity: sha512-rArEXAgsBG4UgRGcynxWIWKFvh/XZCcS8UJdHhwy91zwAvCZIbcs+vAbflgBnNjYMs/i/i+/Ux6IZhML1yPvxg==,
      }
    dependencies:
      is-core-module: 2.8.1
      path-parse: 1.0.7
    dev: true

  /resolve/1.21.1:
    resolution:
      {
        integrity: sha512-lfEImVbnolPuaSZuLQ52cAxPBHeI77sPwCOWRdy12UG/CNa8an7oBHH1R+Fp1/mUqSJi4c8TIP6FOIPSZAUrEQ==,
      }
    hasBin: true
    dependencies:
      is-core-module: 2.8.1
      path-parse: 1.0.7
      supports-preserve-symlinks-flag: 1.0.0
    dev: true

  /reusify/1.0.4:
    resolution:
      {
        integrity: sha512-U9nH88a3fc/ekCF1l0/UP1IosiuIjyTh7hBvXVMHYgVcfGvt897Xguj2UOLDeI5BG2m7/uwyaLVT6fbtCwTyzw==,
      }
    engines: { iojs: '>=1.0.0', node: '>=0.10.0' }
    dev: true

  /rollup/2.65.0:
    resolution:
      {
        integrity: sha512-ohZVYrhtVMTqqeqH26sngfMiyGDg6gCUReOsoflXvYpzUkDHp8sVG8F9FQxjs72OfnLWpXP2nNNqQ9I0vkRovA==,
      }
    engines: { node: '>=10.0.0' }
    hasBin: true
    optionalDependencies:
      fsevents: 2.3.2
    dev: true

  /run-parallel/1.2.0:
    resolution:
      {
        integrity: sha512-5l4VyZR86LZ/lDxZTR6jqL8AFE2S0IFLMP26AbjsLVADxHdhB/c0GUsH+y39UfCi3dzz8OlQuPmnaJOMoDHQBA==,
      }
    dependencies:
      queue-microtask: 1.2.3
    dev: true

  /sade/1.8.1:
    resolution:
      {
        integrity: sha512-xal3CZX1Xlo/k4ApwCFrHVACi9fBqJ7V+mwhBsuf/1IOKbBy098Fex+Wa/5QMubw09pSZ/u8EY8PWgevJsXp1A==,
      }
    engines: { node: '>=6' }
    dependencies:
      mri: 1.2.0
    dev: true

  /semver/7.3.5:
    resolution:
      {
        integrity: sha512-PoeGJYh8HK4BTO/a9Tf6ZG3veo/A7ZVsYrSA6J8ny9nb3B1VrpkuN+z9OE5wfE5p6H4LchYZsegiQgbJD94ZFQ==,
      }
    engines: { node: '>=10' }
    hasBin: true
    dependencies:
      lru-cache: 6.0.0
    dev: true

  /shebang-command/2.0.0:
    resolution:
      {
        integrity: sha512-kHxr2zZpYtdmrN1qDjrrX/Z1rR1kG8Dx+gkpK1G4eXmvXswmcE1hTWBWYUzlraYw1/yZp6YuDY77YtvbN0dmDA==,
      }
    engines: { node: '>=8' }
    dependencies:
      shebang-regex: 3.0.0
    dev: true

  /shebang-regex/3.0.0:
    resolution:
      {
        integrity: sha512-7++dFhtcx3353uBaq8DDR4NuxBetBzC7ZQOhmTQInHEd6bSrXdiEyzCvG07Z44UYdLShWUyXt5M/yhz8ekcb1A==,
      }
    engines: { node: '>=8' }
    dev: true

  /signal-exit/3.0.6:
    resolution:
      {
        integrity: sha512-sDl4qMFpijcGw22U5w63KmD3cZJfBuFlVNbVMKje2keoKML7X2UzWbc4XrmEbDwg0NXJc3yv4/ox7b+JWb57kQ==,
      }
    dev: true

  /sirv/2.0.2:
    resolution:
      {
        integrity: sha512-4Qog6aE29nIjAOKe/wowFTxOdmbEZKb+3tsLljaBRzJwtqto0BChD2zzH0LhgCSXiI+V7X+Y45v14wBZQ1TK3w==,
      }
    engines: { node: '>= 10' }
    dependencies:
      '@polka/url': 1.0.0-next.21
      mrmime: 1.0.0
      totalist: 3.0.0
    dev: true

  /source-map-js/1.0.2:
    resolution:
      {
        integrity: sha512-R0XvVJ9WusLiqTCEiGCmICCMplcCkIwwR11mOSD9CR5u+IXYdiseeEuXCVAjS54zqwkLcPNnmU4OeJ6tUrWhDw==,
      }
    engines: { node: '>=0.10.0' }
    dev: true

  /source-map/0.6.1:
    resolution:
      {
        integrity: sha512-UjgapumWlbMhkBgzT7Ykc5YXUT46F0iKu8SGXq0bcwP5dz/h0Plj6enJqjz1Zbq2l5WaqYnrVbwWOWMyF3F47g==,
      }
    engines: { node: '>=0.10.0' }
    dev: true

  /sprintf-js/1.0.3:
    resolution: { integrity: sha1-BOaSb2YolTVPPdAVIDYzuFcpfiw= }
    dev: true

  /string-argv/0.3.1:
    resolution:
      {
        integrity: sha512-a1uQGz7IyVy9YwhqjZIZu1c8JO8dNIe20xBmSS6qu9kv++k3JGzCVmprbNN5Kn+BgzD5E7YYwg1CcjuJMRNsvg==,
      }
    engines: { node: '>=0.6.19' }
    dev: true

  /strip-final-newline/2.0.0:
    resolution:
      {
        integrity: sha512-BrpvfNAE3dcvq7ll3xVumzjKjZQ5tI1sEUIKr3Uoks0XUl45St3FlatVqef9prk4jRDzhW6WZg+3bk93y6pLjA==,
      }
    engines: { node: '>=6' }
    dev: true

  /strip-json-comments/3.1.1:
    resolution:
      {
        integrity: sha512-6fPc+R4ihwqP6N/aIv2f1gMH8lOVtWQHoqC4yK6oSDVVocumAsfCqjkXnqiYMhmMwS/mEHLp7Vehlt3ql6lEig==,
      }
    engines: { node: '>=8' }
    dev: true

  /supports-preserve-symlinks-flag/1.0.0:
    resolution:
      {
        integrity: sha512-ot0WnXS9fgdkgIcePe6RHNk1WA8+muPa6cSjeR3V8K27q9BB1rTE3R1p7Hv0z1ZyAc8s6Vvv8DIyWf681MAt0w==,
      }
    engines: { node: '>= 0.4' }
    dev: true

  /timsort/0.3.0:
    resolution: { integrity: sha1-QFQRqOfmM5/mTbmiNN4R3DHgK9Q= }
    dev: true

  /to-regex-range/5.0.1:
    resolution:
      {
        integrity: sha512-65P7iz6X5yEr1cwcgvQxbbIw7Uk3gOy5dIdtZ4rDveLqhrdJP+Li/Hx6tyK0NEb+2GCyneCMJiGqrADCSNk8sQ==,
      }
    engines: { node: '>=8.0' }
    dependencies:
      is-number: 7.0.0
    dev: true

  /totalist/3.0.0:
    resolution:
      {
        integrity: sha512-eM+pCBxXO/njtF7vdFsHuqb+ElbxqtI4r5EAvk6grfAFyJ6IvWlSkfZ5T9ozC6xWw3Fj1fGoSmrl0gUs46JVIw==,
      }
    engines: { node: '>=6' }
    dev: true

  /typescript/4.5.5:
    resolution:
      {
        integrity: sha512-TCTIul70LyWe6IJWT8QSYeA54WQe8EjQFU4wY52Fasj5UKx88LNYKCgBEHcOMOrFF1rKGbD8v/xcNWVUq9SymA==,
      }
    engines: { node: '>=4.2.0' }
    hasBin: true
    dev: true

  /unconfig/0.2.2:
    resolution:
      {
        integrity: sha512-JN1MeYJ/POnjBj7NgOJJxPp6+NcD6Nd0hEuK0D89kjm9GvQQUq8HeE2Eb7PZgtu+64mWkDiqeJn1IZoLH7htPg==,
      }
    dependencies:
      '@antfu/utils': 0.3.0
      defu: 5.0.1
      jiti: 1.12.9
    dev: true

  /universalify/0.1.2:
    resolution:
      {
        integrity: sha512-rBJeI5CXAlmy1pV+617WB9J63U6XcazHHF2f2dbJix4XzpUF0RS3Zbj0FGIOCAva5P/d/GBOYaACQ1w+0azUkg==,
      }
    engines: { node: '>= 4.0.0' }
    dev: true

  /unocss/0.22.5:
    resolution:
      {
        integrity: sha512-u5wm8WT/zvFEJPzIO+qEEa0XWdVNVcrBDehQHFGxhn3sEQD1ujSxqYiaCKogStUBKJ72J3XQbWJ46w+EtXfVyQ==,
      }
    engines: { node: '>=14' }
    dependencies:
      '@unocss/cli': 0.22.5
      '@unocss/core': 0.22.5
      '@unocss/preset-attributify': 0.22.5
      '@unocss/preset-icons': 0.22.5
      '@unocss/preset-uno': 0.22.5
      '@unocss/preset-web-fonts': 0.22.5
      '@unocss/reset': 0.22.5
      '@unocss/vite': 0.22.5
    transitivePeerDependencies:
      - debug
      - supports-color
    dev: true

  /uri-js/4.4.1:
    resolution:
      {
        integrity: sha512-7rKUyy33Q1yc98pQ1DAmLtwX109F7TIfWlW1Ydo8Wl1ii1SeHieeh0HHfPeL2fMXK6z0s8ecKs9frCuLJvndBg==,
      }
    dependencies:
      punycode: 2.1.1
    dev: true

  /uvu/0.5.3:
    resolution:
      {
        integrity: sha512-brFwqA3FXzilmtnIyJ+CxdkInkY/i4ErvP7uV0DnUVxQcQ55reuHphorpF+tZoVHK2MniZ/VJzI7zJQoc9T9Yw==,
      }
    engines: { node: '>=8' }
    hasBin: true
    dependencies:
      dequal: 2.0.2
      diff: 5.0.0
      kleur: 4.1.4
      sade: 1.8.1
    dev: true

  /validator/13.7.0:
    resolution:
      {
        integrity: sha512-nYXQLCBkpJ8X6ltALua9dRrZDHVYxjJ1wgskNt1lH9fzGjs3tgojGSCBjmEPwkWS1y29+DrizMTW19Pr9uB2nw==,
      }
    engines: { node: '>= 0.10' }
    dev: true

  /vite/2.7.13:
    resolution:
      {
        integrity: sha512-Mq8et7f3aK0SgSxjDNfOAimZGW9XryfHRa/uV0jseQSilg+KhYDSoNb9h1rknOy6SuMkvNDLKCYAYYUMCE+IgQ==,
      }
    engines: { node: '>=12.2.0' }
    hasBin: true
    peerDependencies:
      less: '*'
      sass: '*'
      stylus: '*'
    peerDependenciesMeta:
      less:
        optional: true
      sass:
        optional: true
      stylus:
        optional: true
    dependencies:
      esbuild: 0.13.15
      postcss: 8.4.5
      resolve: 1.21.1
      rollup: 2.65.0
    optionalDependencies:
      fsevents: 2.3.2
    dev: true

  /which/2.0.2:
    resolution:
      {
        integrity: sha512-BLI3Tl1TW3Pvl70l3yq3Y64i+awpwXqsGBYWkkqMtnbXgrMD+yj7rhW0kuEDxzJaYXGjEW5ogapKNMEKNMjibA==,
      }
    engines: { node: '>= 8' }
    hasBin: true
    dependencies:
      isexe: 2.0.0
    dev: true

  /yallist/4.0.0:
    resolution:
      {
        integrity: sha512-3wdGidZyq5PB084XLES5TpOSRA3wjXAlIWMhum2kRcv/41Sn2emQ0dycQW4uZXLejwKvg6EsvbdlVL+FYEct7A==,
      }
    dev: true

  /yocto-queue/0.1.0:
    resolution:
      {
        integrity: sha512-rVksvsnNCdJ/ohGc6xgPwyN8eheCxsiLM8mxuE/t/mOVqJewPuO1miLpTHQiRgTKCLexL4MeAFVagts7HmNZ2Q==,
      }
    engines: { node: '>=10' }
    dev: true

  /z-schema/5.0.2:
    resolution:
      {
        integrity: sha512-40TH47ukMHq5HrzkeVE40Ad7eIDKaRV2b+Qpi2prLc9X9eFJFzV7tMe5aH12e6avaSS/u5l653EQOv+J9PirPw==,
      }
    engines: { node: '>=8.0.0' }
    hasBin: true
    dependencies:
      lodash.get: 4.4.2
      lodash.isequal: 4.5.0
      validator: 13.7.0
    optionalDependencies:
      commander: 2.20.3
    dev: true
